{
  "name": "@zeropress/wxr-import",
  "version": "0.7.1",
  "lockfileVersion": 3,
  "requires": true,
  "packages": {
    "": {
      "name": "@zeropress/wxr-import",
      "version": "0.7.1",
      "license": "MIT",
      "dependencies": {
        "@zeropress/preview-data-validator": "0.7.3",
        "@zeropress/slug-policy": "0.2.2",
        "sax": "1.6.1"
      },
      "bin": {
        "zeropress-wxr-import": "bin/zeropress-wxr-import.js"
      },
      "engines": {
        "node": ">=22.22.0"
      }
    },
    "node_modules/@zeropress/preview-data-validator": {
      "version": "0.7.3",
      "resolved": "https://registry.npmjs.org/@zeropress/preview-data-validator/-/preview-data-validator-0.7.3.tgz",
      "integrity": "sha512-Ngjx9t39Bo/dZREL045hmHWMGncZBkb9qC7Op59LaeEflfSsP32c+fQxkuOkuRNYaa3aXGsdLv+ZErBK3cPkMQ==",
      "license": "MIT",
      "dependencies": {
        "@zeropress/slug-policy": "0.2.1"
      },
      "engines": {
        "node": ">=22.22.0"
      }
    },
    "node_modules/@zeropress/preview-data-validator/node_modules/@zeropress/slug-policy": {
      "version": "0.2.1",
      "resolved": "https://registry.npmjs.org/@zeropress/slug-policy/-/slug-policy-0.2.1.tgz",
      "integrity": "sha512-svuNDKM2WDsBVXPep31U1EYi3SHIGfUxXLatjRy44GLKbMTRDdfyQfUaJdC15mIy8IUNJmk8GZ2WZZFKLVEGUQ==",
      "license": "MIT",
      "engines": {
        "node": ">=22.12.0"
      }
    },
    "node_modules/@zeropress/slug-policy": {
      "version": "0.2.2",
      "resolved": "https://registry.npmjs.org/@zeropress/slug-policy/-/slug-policy-0.2.2.tgz",
      "integrity": "sha512-ZC0PQxdq62R05XMeZ6cohZ/vMB4vq5sQwxLpUI//XupyCyrgjOeBAmGSJkhXmDxZBLpyCEaFm75GZv04j2dRVg==",
      "license": "MIT",
      "engines": {
        "node": ">=22.22.0"
      }
    },
    "node_modules/sax": {
      "version": "1.6.1",
      "resolved": "https://registry.npmjs.org/sax/-/sax-1.6.1.tgz",
      "integrity": "sha512-42tBVwLWnaQvW5zc4HbZrTuWccECCZfBi92FDuwtqxasH+JbPB3/FOKb1m222K42R4WxuxzzMsTswfzgtSu64Q==",
      "license": "BlueOak-1.0.0",
      "engines": {
        "node": ">=11.0.0"
      }
    }
  }
}
