{
  "name": "@zeropress/wxr-import",
  "version": "0.7.1",
  "lockfileVersion": 3,
  "requires": true,
  "packages": {
    "": {
      "name": "@zeropress/wxr-import",
      "version": "0.7.1",
      "license": "MIT",
      "dependencies": {
        "@zeropress/preview-data-validator": "0.7.1",
        "@zeropress/slug-policy": "0.2.1",
        "sax": "1.6.0"
      },
      "bin": {
        "zeropress-wxr-import": "bin/zeropress-wxr-import.js"
      },
      "engines": {
        "node": ">=22.22.0"
      }
    },
    "node_modules/@zeropress/preview-data-validator": {
      "version": "0.7.1",
      "resolved": "https://registry.npmjs.org/@zeropress/preview-data-validator/-/preview-data-validator-0.7.1.tgz",
      "integrity": "sha512-IU0e7uJ0x8kSzBhtjmyKlFsB9ehRpie2cQPEDZ33HdOGP1OZdE/FkZPo4/R68w/MxU9RQ6ANfgj9AQQ+Qs9hiA==",
      "license": "MIT",
      "dependencies": {
        "@zeropress/slug-policy": "0.2.1"
      },
      "engines": {
        "node": ">=22.12.0"
      }
    },
    "node_modules/@zeropress/slug-policy": {
      "version": "0.2.1",
      "resolved": "https://registry.npmjs.org/@zeropress/slug-policy/-/slug-policy-0.2.1.tgz",
      "integrity": "sha512-svuNDKM2WDsBVXPep31U1EYi3SHIGfUxXLatjRy44GLKbMTRDdfyQfUaJdC15mIy8IUNJmk8GZ2WZZFKLVEGUQ==",
      "license": "MIT",
      "engines": {
        "node": ">=22.12.0"
      }
    },
    "node_modules/sax": {
      "version": "1.6.0",
      "resolved": "https://registry.npmjs.org/sax/-/sax-1.6.0.tgz",
      "integrity": "sha512-6R3J5M4AcbtLUdZmRv2SygeVaM7IhrLXu9BmnOGmmACak8fiUtOsYNWUS4uK7upbmHIBbLBeFeI//477BKLBzA==",
      "license": "BlueOak-1.0.0",
      "engines": {
        "node": ">=11.0.0"
      }
    }
  }
}
